// !$*UTF8*$!
{
	archiveVersion = 1;
	classes = {
	};
	objectVersion = 46;
	objects = {

/* Begin PBXBuildFile section */
		780F31EA1A186DC000B686F0 /* cubes.dae in Resources */ = {isa = PBXBuildFile; fileRef = 780F31E91A186DC000B686F0 /* cubes.dae */; settings = {ATTRIBUTES = ("--compress", ); }; };
		786A46E61A156AB100DDB37C /* AppDelegate.swift in Sources */ = {isa = PBXBuildFile; fileRef = 786A46E51A156AB100DDB37C /* AppDelegate.swift */; };
		786A46EA1A156AB100DDB37C /* CubesViewController.swift in Sources */ = {isa = PBXBuildFile; fileRef = 786A46E91A156AB100DDB37C /* CubesViewController.swift */; };
		786A46ED1A156AB100DDB37C /* Main.storyboard in Resources */ = {isa = PBXBuildFile; fileRef = 786A46EB1A156AB100DDB37C /* Main.storyboard */; };
		786A46EF1A156AB100DDB37C /* Images.xcassets in Resources */ = {isa = PBXBuildFile; fileRef = 786A46EE1A156AB100DDB37C /* Images.xcassets */; };
		786A46F21A156AB100DDB37C /* LaunchScreen.xib in Resources */ = {isa = PBXBuildFile; fileRef = 786A46F01A156AB100DDB37C /* LaunchScreen.xib */; };
		786F03E21CAB7FAE0048FC56 /* stars.png in Resources */ = {isa = PBXBuildFile; fileRef = 786F03E11CAB7FAE0048FC56 /* stars.png */; };
		786F03E41CAB7FB30048FC56 /* grid_1024.png in Resources */ = {isa = PBXBuildFile; fileRef = 786F03E31CAB7FB30048FC56 /* grid_1024.png */; };
		78739BD21CA78EB40051A5FD /* SpheresViewController.swift in Sources */ = {isa = PBXBuildFile; fileRef = 78739BD11CA78EB40051A5FD /* SpheresViewController.swift */; };
		78739BD41CA78EDC0051A5FD /* SpriteKitViewController.swift in Sources */ = {isa = PBXBuildFile; fileRef = 78739BD31CA78EDC0051A5FD /* SpriteKitViewController.swift */; };
		78739BD61CA794C10051A5FD /* Spheres.scn in Resources */ = {isa = PBXBuildFile; fileRef = 78739BD51CA794C10051A5FD /* Spheres.scn */; };
		78739BD81CA794DB0051A5FD /* TextExperiment.sks in Resources */ = {isa = PBXBuildFile; fileRef = 78739BD71CA794DB0051A5FD /* TextExperiment.sks */; };
		78739BDA1CA796100051A5FD /* ExperimentScene.swift in Sources */ = {isa = PBXBuildFile; fileRef = 78739BD91CA796100051A5FD /* ExperimentScene.swift */; };
		78C3BB0E1CA8C76F00A34569 /* waves.fsh in Resources */ = {isa = PBXBuildFile; fileRef = 78C3BB0D1CA8C76F00A34569 /* waves.fsh */; };
		78E7D53B1CA8BE6C00C635C9 /* Experiment.sks in Resources */ = {isa = PBXBuildFile; fileRef = 78E7D53A1CA8BE6C00C635C9 /* Experiment.sks */; };
/* End PBXBuildFile section */

/* Begin PBXFileReference section */
		780F31E91A186DC000B686F0 /* cubes.dae */ = {isa = PBXFileReference; fileEncoding = 4; lastKnownFileType = text.xml.dae; path = cubes.dae; sourceTree = "<group>"; };
		786A46E01A156AB100DDB37C /* CubeTrip.app */ = {isa = PBXFileReference; explicitFileType = wrapper.application; includeInIndex = 0; path = CubeTrip.app; sourceTree = BUILT_PRODUCTS_DIR; };
		786A46E41A156AB100DDB37C /* Info.plist */ = {isa = PBXFileReference; lastKnownFileType = text.plist.xml; path = Info.plist; sourceTree = "<group>"; };
		786A46E51A156AB100DDB37C /* AppDelegate.swift */ = {isa = PBXFileReference; lastKnownFileType = sourcecode.swift; path = AppDelegate.swift; sourceTree = "<group>"; };
		786A46E91A156AB100DDB37C /* CubesViewController.swift */ = {isa = PBXFileReference; lastKnownFileType = sourcecode.swift; path = CubesViewController.swift; sourceTree = "<group>"; };
		786A46EC1A156AB100DDB37C /* Base */ = {isa = PBXFileReference; lastKnownFileType = file.storyboard; name = Base; path = Base.lproj/Main.storyboard; sourceTree = "<group>"; };
		786A46EE1A156AB100DDB37C /* Images.xcassets */ = {isa = PBXFileReference; lastKnownFileType = folder.assetcatalog; path = Images.xcassets; sourceTree = "<group>"; };
		786A46F11A156AB100DDB37C /* Base */ = {isa = PBXFileReference; lastKnownFileType = file.xib; name = Base; path = Base.lproj/LaunchScreen.xib; sourceTree = "<group>"; };
		786F03E11CAB7FAE0048FC56 /* stars.png */ = {isa = PBXFileReference; lastKnownFileType = image.png; name = stars.png; path = stuff.atlas/stars.png; sourceTree = "<group>"; };
		786F03E31CAB7FB30048FC56 /* grid_1024.png */ = {isa = PBXFileReference; lastKnownFileType = image.png; name = grid_1024.png; path = stuff.atlas/grid_1024.png; sourceTree = "<group>"; };
		7870808A1CB0E52F004B9DC7 /* README.md */ = {isa = PBXFileReference; fileEncoding = 4; lastKnownFileType = net.daringfireball.markdown; path = README.md; sourceTree = "<group>"; };
		78739BD11CA78EB40051A5FD /* SpheresViewController.swift */ = {isa = PBXFileReference; fileEncoding = 4; lastKnownFileType = sourcecode.swift; path = SpheresViewController.swift; sourceTree = "<group>"; };
		78739BD31CA78EDC0051A5FD /* SpriteKitViewController.swift */ = {isa = PBXFileReference; fileEncoding = 4; lastKnownFileType = sourcecode.swift; path = SpriteKitViewController.swift; sourceTree = "<group>"; };
		78739BD51CA794C10051A5FD /* Spheres.scn */ = {isa = PBXFileReference; lastKnownFileType = file.bplist; path = Spheres.scn; sourceTree = "<group>"; };
		78739BD71CA794DB0051A5FD /* TextExperiment.sks */ = {isa = PBXFileReference; lastKnownFileType = file.sks; path = TextExperiment.sks; sourceTree = "<group>"; };
		78739BD91CA796100051A5FD /* ExperimentScene.swift */ = {isa = PBXFileReference; fileEncoding = 4; lastKnownFileType = sourcecode.swift; path = ExperimentScene.swift; sourceTree = "<group>"; };
		78C3BB0D1CA8C76F00A34569 /* waves.fsh */ = {isa = PBXFileReference; fileEncoding = 4; lastKnownFileType = sourcecode.glsl; path = waves.fsh; sourceTree = "<group>"; };
		78E7D53A1CA8BE6C00C635C9 /* Experiment.sks */ = {isa = PBXFileReference; lastKnownFileType = file.sks; path = Experiment.sks; sourceTree = "<group>"; };
/* End PBXFileReference section */

/* Begin PBXFrameworksBuildPhase section */
		786A46DD1A156AB100DDB37C /* Frameworks */ = {
			isa = PBXFrameworksBuildPhase;
			buildActionMask = 2147483647;
			files = (
			);
			runOnlyForDeploymentPostprocessing = 0;
		};
/* End PBXFrameworksBuildPhase section */

/* Begin PBXGroup section */
		786A46D71A156AB100DDB37C = {
			isa = PBXGroup;
			children = (
				7870808A1CB0E52F004B9DC7 /* README.md */,
				786A46E21A156AB100DDB37C /* CubeTrip */,
				786A46E11A156AB100DDB37C /* Products */,
			);
			sourceTree = "<group>";
		};
		786A46E11A156AB100DDB37C /* Products */ = {
			isa = PBXGroup;
			children = (
				786A46E01A156AB100DDB37C /* CubeTrip.app */,
			);
			name = Products;
			sourceTree = "<group>";
		};
		786A46E21A156AB100DDB37C /* CubeTrip */ = {
			isa = PBXGroup;
			children = (
				787080891CB0E507004B9DC7 /* Cubes & Squares */,
				78739BDC1CA7965F0051A5FD /* Spheres */,
				78739BDB1CA796440051A5FD /* Text Experiment */,
				786A46E51A156AB100DDB37C /* AppDelegate.swift */,
				786A46EB1A156AB100DDB37C /* Main.storyboard */,
				786A46EE1A156AB100DDB37C /* Images.xcassets */,
				786A46F01A156AB100DDB37C /* LaunchScreen.xib */,
				786A46E31A156AB100DDB37C /* Supporting Files */,
			);
			path = CubeTrip;
			sourceTree = "<group>";
		};
		786A46E31A156AB100DDB37C /* Supporting Files */ = {
			isa = PBXGroup;
			children = (
				786A46E41A156AB100DDB37C /* Info.plist */,
			);
			name = "Supporting Files";
			sourceTree = "<group>";
		};
		787080891CB0E507004B9DC7 /* Cubes & Squares */ = {
			isa = PBXGroup;
			children = (
				780F31E91A186DC000B686F0 /* cubes.dae */,
				786A46E91A156AB100DDB37C /* CubesViewController.swift */,
			);
			name = "Cubes & Squares";
			sourceTree = "<group>";
		};
		78739BDB1CA796440051A5FD /* Text Experiment */ = {
			isa = PBXGroup;
			children = (
				78C3BB0D1CA8C76F00A34569 /* waves.fsh */,
				78739BD31CA78EDC0051A5FD /* SpriteKitViewController.swift */,
				78739BD91CA796100051A5FD /* ExperimentScene.swift */,
				78E7D53A1CA8BE6C00C635C9 /* Experiment.sks */,
				78739BD71CA794DB0051A5FD /* TextExperiment.sks */,
			);
			name = "Text Experiment";
			sourceTree = "<group>";
		};
		78739BDC1CA7965F0051A5FD /* Spheres */ = {
			isa = PBXGroup;
			children = (
				78739BD11CA78EB40051A5FD /* SpheresViewController.swift */,
				786F03E31CAB7FB30048FC56 /* grid_1024.png */,
				786F03E11CAB7FAE0048FC56 /* stars.png */,
				78739BD51CA794C10051A5FD /* Spheres.scn */,
			);
			name = Spheres;
			sourceTree = "<group>";
		};
/* End PBXGroup section */

/* Begin PBXNativeTarget section */
		786A46DF1A156AB100DDB37C /* CubeTrip */ = {
			isa = PBXNativeTarget;
			buildConfigurationList = 786A47011A156AB200DDB37C /* Build configuration list for PBXNativeTarget "CubeTrip" */;
			buildPhases = (
				786A46DC1A156AB100DDB37C /* Sources */,
				786A46DD1A156AB100DDB37C /* Frameworks */,
				786A46DE1A156AB100DDB37C /* Resources */,
			);
			buildRules = (
			);
			dependencies = (
			);
			name = CubeTrip;
			productName = CubeTrip;
			productReference = 786A46E01A156AB100DDB37C /* CubeTrip.app */;
			productType = "com.apple.product-type.application";
		};
/* End PBXNativeTarget section */

/* Begin PBXProject section */
		786A46D81A156AB100DDB37C /* Project object */ = {
			isa = PBXProject;
			attributes = {
				LastSwiftMigration = 0730;
				LastSwiftUpdateCheck = 0730;
				LastUpgradeCheck = 0730;
				ORGANIZATIONNAME = coldharbourmedia;
				TargetAttributes = {
					786A46DF1A156AB100DDB37C = {
						CreatedOnToolsVersion = 6.1;
					};
				};
			};
			buildConfigurationList = 786A46DB1A156AB100DDB37C /* Build configuration list for PBXProject "CubeTrip" */;
			compatibilityVersion = "Xcode 3.2";
			developmentRegion = English;
			hasScannedForEncodings = 0;
			knownRegions = (
				en,
				Base,
			);
			mainGroup = 786A46D71A156AB100DDB37C;
			productRefGroup = 786A46E11A156AB100DDB37C /* Products */;
			projectDirPath = "";
			projectRoot = "";
			targets = (
				786A46DF1A156AB100DDB37C /* CubeTrip */,
			);
		};
/* End PBXProject section */

/* Begin PBXResourcesBuildPhase section */
		786A46DE1A156AB100DDB37C /* Resources */ = {
			isa = PBXResourcesBuildPhase;
			buildActionMask = 2147483647;
			files = (
				786A46F21A156AB100DDB37C /* LaunchScreen.xib in Resources */,
				78739BD61CA794C10051A5FD /* Spheres.scn in Resources */,
				78C3BB0E1CA8C76F00A34569 /* waves.fsh in Resources */,
				786A46EF1A156AB100DDB37C /* Images.xcassets in Resources */,
				786F03E41CAB7FB30048FC56 /* grid_1024.png in Resources */,
				786F03E21CAB7FAE0048FC56 /* stars.png in Resources */,
				780F31EA1A186DC000B686F0 /* cubes.dae in Resources */,
				786A46ED1A156AB100DDB37C /* Main.storyboard in Resources */,
				78E7D53B1CA8BE6C00C635C9 /* Experiment.sks in Resources */,
				78739BD81CA794DB0051A5FD /* TextExperiment.sks in Resources */,
			);
			runOnlyForDeploymentPostprocessing = 0;
		};
/* End PBXResourcesBuildPhase section */

/* Begin PBXSourcesBuildPhase section */
		786A46DC1A156AB100DDB37C /* Sources */ = {
			isa = PBXSourcesBuildPhase;
			buildActionMask = 2147483647;
			files = (
				786A46EA1A156AB100DDB37C /* CubesViewController.swift in Sources */,
				78739BDA1CA796100051A5FD /* ExperimentScene.swift in Sources */,
				78739BD21CA78EB40051A5FD /* SpheresViewController.swift in Sources */,
				78739BD41CA78EDC0051A5FD /* SpriteKitViewController.swift in Sources */,
				786A46E61A156AB100DDB37C /* AppDelegate.swift in Sources */,
			);
			runOnlyForDeploymentPostprocessing = 0;
		};
/* End PBXSourcesBuildPhase section */

/* Begin PBXVariantGroup section */
		786A46EB1A156AB100DDB37C /* Main.storyboard */ = {
			isa = PBXVariantGroup;
			children = (
				786A46EC1A156AB100DDB37C /* Base */,
			);
			name = Main.storyboard;
			sourceTree = "<group>";
		};
		786A46F01A156AB100DDB37C /* LaunchScreen.xib */ = {
			isa = PBXVariantGroup;
			children = (
				786A46F11A156AB100DDB37C /* Base */,
			);
			name = LaunchScreen.xib;
			sourceTree = "<group>";
		};
/* End PBXVariantGroup section */

/* Begin XCBuildConfiguration section */
		786A46FF1A156AB200DDB37C /* Debug */ = {
			isa = XCBuildConfiguration;
			buildSettings = {
				ALWAYS_SEARCH_USER_PATHS = NO;
				CLANG_CXX_LANGUAGE_STANDARD = "gnu++0x";
				CLANG_CXX_LIBRARY = "libc++";
				CLANG_ENABLE_MODULES = YES;
				CLANG_ENABLE_OBJC_ARC = YES;
				CLANG_WARN_BOOL_CONVERSION = YES;
				CLANG_WARN_CONSTANT_CONVERSION = YES;
				CLANG_WARN_DIRECT_OBJC_ISA_USAGE = YES_ERROR;
				CLANG_WARN_EMPTY_BODY = YES;
				CLANG_WARN_ENUM_CONVERSION = YES;
				CLANG_WARN_INT_CONVERSION = YES;
				CLANG_WARN_OBJC_ROOT_CLASS = YES_ERROR;
				CLANG_WARN_UNREACHABLE_CODE = YES;
				CLANG_WARN__DUPLICATE_METHOD_MATCH = YES;
				"CODE_SIGN_IDENTITY[sdk=iphoneos*]" = "iPhone Developer";
				COPY_PHASE_STRIP = NO;
				ENABLE_STRICT_OBJC_MSGSEND = YES;
				ENABLE_TESTABILITY = YES;
				GCC_C_LANGUAGE_STANDARD = gnu99;
				GCC_DYNAMIC_NO_PIC = NO;
				GCC_OPTIMIZATION_LEVEL = 0;
				GCC_PREPROCESSOR_DEFINITIONS = (
					"DEBUG=1",
					"$(inherited)",
				);
				GCC_SYMBOLS_PRIVATE_EXTERN = NO;
				GCC_WARN_64_TO_32_BIT_CONVERSION = YES;
				GCC_WARN_ABOUT_RETURN_TYPE = YES_ERROR;
				GCC_WARN_UNDECLARED_SELECTOR = YES;
				GCC_WARN_UNINITIALIZED_AUTOS = YES_AGGRESSIVE;
				GCC_WARN_UNUSED_FUNCTION = YES;
				GCC_WARN_UNUSED_VARIABLE = YES;
				IPHONEOS_DEPLOYMENT_TARGET = 8.1;
				MTL_ENABLE_DEBUG_INFO = YES;
				ONLY_ACTIVE_ARCH = YES;
				SDKROOT = iphoneos;
				SWIFT_OPTIMIZATION_LEVEL = "-Onone";
				TARGETED_DEVICE_FAMILY = "1,2";
			};
			name = Debug;
		};
		786A47001A156AB200DDB37C /* Release */ = {
			isa = XCBuildConfiguration;
			buildSettings = {
				ALWAYS_SEARCH_USER_PATHS = NO;
				CLANG_CXX_LANGUAGE_STANDARD = "gnu++0x";
				CLANG_CXX_LIBRARY = "libc++";
				CLANG_ENABLE_MODULES = YES;
				CLANG_ENABLE_OBJC_ARC = YES;
				CLANG_WARN_BOOL_CONVERSION = YES;
				CLANG_WARN_CONSTANT_CONVERSION = YES;
				CLANG_WARN_DIRECT_OBJC_ISA_USAGE = YES_ERROR;
				CLANG_WARN_EMPTY_BODY = YES;
				CLANG_WARN_ENUM_CONVERSION = YES;
				CLANG_WARN_INT_CONVERSION = YES;
				CLANG_WARN_OBJC_ROOT_CLASS = YES_ERROR;
				CLANG_WARN_UNREACHABLE_CODE = YES;
				CLANG_WARN__DUPLICATE_METHOD_MATCH = YES;
				"CODE_SIGN_IDENTITY[sdk=iphoneos*]" = "iPhone Developer";
				COPY_PHASE_STRIP = YES;
				ENABLE_NS_ASSERTIONS = NO;
				ENABLE_STRICT_OBJC_MSGSEND = YES;
				GCC_C_LANGUAGE_STANDARD = gnu99;
				GCC_WARN_64_TO_32_BIT_CONVERSION = YES;
				GCC_WARN_ABOUT_RETURN_TYPE = YES_ERROR;
				GCC_WARN_UNDECLARED_SELECTOR = YES;
				GCC_WARN_UNINITIALIZED_AUTOS = YES_AGGRESSIVE;
				GCC_WARN_UNUSED_FUNCTION = YES;
				GCC_WARN_UNUSED_VARIABLE = YES;
				IPHONEOS_DEPLOYMENT_TARGET = 8.1;
				MTL_ENABLE_DEBUG_INFO = NO;
				SDKROOT = iphoneos;
				TARGETED_DEVICE_FAMILY = "1,2";
				VALIDATE_PRODUCT = YES;
			};
			name = Release;
		};
		786A47021A156AB200DDB37C /* Debug */ = {
			isa = XCBuildConfiguration;
			buildSettings = {
				ASSETCATALOG_COMPILER_APPICON_NAME = AppIcon;
				INFOPLIST_FILE = CubeTrip/Info.plist;
				LD_RUNPATH_SEARCH_PATHS = "$(inherited) @executable_path/Frameworks";
				PRODUCT_BUNDLE_IDENTIFIER = "com.coldharbourmedia.$(PRODUCT_NAME:rfc1034identifier)";
				PRODUCT_NAME = "$(TARGET_NAME)";
			};
			name = Debug;
		};
		786A47031A156AB200DDB37C /* Release */ = {
			isa = XCBuildConfiguration;
			buildSettings = {
				ASSETCATALOG_COMPILER_APPICON_NAME = AppIcon;
				INFOPLIST_FILE = CubeTrip/Info.plist;
				LD_RUNPATH_SEARCH_PATHS = "$(inherited) @executable_path/Frameworks";
				PRODUCT_BUNDLE_IDENTIFIER = "com.coldharbourmedia.$(PRODUCT_NAME:rfc1034identifier)";
				PRODUCT_NAME = "$(TARGET_NAME)";
			};
			name = Release;
		};
/* End XCBuildConfiguration section */

/* Begin XCConfigurationList section */
		786A46DB1A156AB100DDB37C /* Build configuration list for PBXProject "CubeTrip" */ = {
			isa = XCConfigurationList;
			buildConfigurations = (
				786A46FF1A156AB200DDB37C /* Debug */,
				786A47001A156AB200DDB37C /* Release */,
			);
			defaultConfigurationIsVisible = 0;
			defaultConfigurationName = Release;
		};
		786A47011A156AB200DDB37C /* Build configuration list for PBXNativeTarget "CubeTrip" */ = {
			isa = XCConfigurationList;
			buildConfigurations = (
				786A47021A156AB200DDB37C /* Debug */,
				786A47031A156AB200DDB37C /* Release */,
			);
			defaultConfigurationIsVisible = 0;
			defaultConfigurationName = Release;
		};
/* End XCConfigurationList section */
	};
	rootObject = 786A46D81A156AB100DDB37C /* Project object */;
}
